
Microsoft Visual Studio Solution File, Format Version 12.00
# Visual Studio Version 17
VisualStudioVersion = 17.3.32825.248
MinimumVisualStudioVersion = 10.0.40219.1
Project("{8BC9CEB8-8B4A-11D0-8D11-00A0C91BC942}") = "坤了个坤", "坤了个坤.vcxproj", "{04370969-9732-4993-85E8-B54090D1B367}"
EndProject
Project("{54435603-DBB4-11D2-8724-00A0C9A8B90C}") = "ikun 天团", "..\ikun 天团\ikun 天团.vdproj", "{789FB11D-C5E4-491E-8E86-44C7A8DBC412}"
EndProject
Global
	GlobalSection(SolutionConfigurationPlatforms) = preSolution
		Debug|x64 = Debug|x64
		Debug|x86 = Debug|x86
		Release|x64 = Release|x64
		Release|x86 = Release|x86
	EndGlobalSection
	GlobalSection(ProjectConfigurationPlatforms) = postSolution
		{04370969-9732-4993-85E8-B54090D1B367}.Debug|x64.ActiveCfg = Debug|x64
		{04370969-9732-4993-85E8-B54090D1B367}.Debug|x64.Build.0 = Debug|x64
		{04370969-9732-4993-85E8-B54090D1B367}.Debug|x86.ActiveCfg = Debug|Win32
		{04370969-9732-4993-85E8-B54090D1B367}.Debug|x86.Build.0 = Debug|Win32
		{04370969-9732-4993-85E8-B54090D1B367}.Release|x64.ActiveCfg = Release|x64
		{04370969-9732-4993-85E8-B54090D1B367}.Release|x64.Build.0 = Release|x64
		{04370969-9732-4993-85E8-B54090D1B367}.Release|x86.ActiveCfg = Release|Win32
		{04370969-9732-4993-85E8-B54090D1B367}.Release|x86.Build.0 = Release|Win32
		{789FB11D-C5E4-491E-8E86-44C7A8DBC412}.Debug|x64.ActiveCfg = Debug
		{789FB11D-C5E4-491E-8E86-44C7A8DBC412}.Debug|x86.ActiveCfg = Debug
		{789FB11D-C5E4-491E-8E86-44C7A8DBC412}.Release|x64.ActiveCfg = Release
		{789FB11D-C5E4-491E-8E86-44C7A8DBC412}.Release|x86.ActiveCfg = Release
	EndGlobalSection
	GlobalSection(SolutionProperties) = preSolution
		HideSolutionNode = FALSE
	EndGlobalSection
	GlobalSection(ExtensibilityGlobals) = postSolution
		SolutionGuid = {13FDB78F-1032-48A7-B29F-417A8825B1A8}
	EndGlobalSection
EndGlobal
